{
  "name": "jumbosmash",
  "version": "2019.0.0-alpha-1",
  "lockfileVersion": 1,
  "requires": true,
  "dependencies": {
    "@expo/react-native-action-sheet": {
      "version": "2.1.0",
      "resolved": "https://registry.npmjs.org/@expo/react-native-action-sheet/-/react-native-action-sheet-2.1.0.tgz",
      "integrity": "sha512-gtFPQp36pLZxd29vTov+ewaJ7Bd3obP5XxaphwaKZRBVtHrbfd5DvdMBKs8//Y19pRseKrskdATou3b8EKk8Sg==",
      "requires": {
        "hoist-non-react-statics": "^2.2.2",
        "prop-types": "^15.5.10"
      }
    },
    "babel-plugin-check-es2015-constants": {
      "version": "6.22.0",
      "resolved": "https://registry.npmjs.org/babel-plugin-check-es2015-constants/-/babel-plugin-check-es2015-constants-6.22.0.tgz",
      "integrity": "sha1-NRV7EBQm/S/9PaP3XH0ekYNbv4o=",
      "requires": {
        "babel-runtime": "^6.22.0"
      }
    },
    "babel-runtime": {
      "version": "6.26.0",
      "resolved": "https://registry.npmjs.org/babel-runtime/-/babel-runtime-6.26.0.tgz",
      "integrity": "sha1-llxwWGaOgrVde/4E/yM3vItWR/4=",
      "requires": {
        "core-js": "^2.4.0",
        "regenerator-runtime": "^0.11.0"
      }
    },
    "core-js": {
      "version": "2.6.5",
      "resolved": "https://registry.npmjs.org/core-js/-/core-js-2.6.5.tgz",
      "integrity": "sha512-klh/kDpwX8hryYL14M9w/xei6vrv6sE8gTHDG7/T/+SEovB/G4ejwcfE/CBzO6Edsu+OETZMZ3wcX/EjUkrl5A=="
    },
    "flow-bin": {
      "version": "0.81.0",
      "resolved": "https://registry.npmjs.org/flow-bin/-/flow-bin-0.81.0.tgz",
      "integrity": "sha512-5e8oL3/5rm3G0Eet3yDCne2R/TLo5Fkn+Z5MtHd4wtz+1miLC35Sgo8XvnbTmiZ9epdTZ1q6GLmJWYh7tUlfGg==",
      "dev": true
    },
    "hoist-non-react-statics": {
      "version": "2.5.5",
      "resolved": "https://registry.npmjs.org/hoist-non-react-statics/-/hoist-non-react-statics-2.5.5.tgz",
      "integrity": "sha512-rqcy4pJo55FTTLWt+bU8ukscqHeE/e9KWvsOW2b/a3afxQZhwkQdT1rPPCJ0rYXdj4vNcasY8zHTH+jF/qStxw=="
    },
    "js-tokens": {
      "version": "4.0.0",
      "resolved": "https://registry.npmjs.org/js-tokens/-/js-tokens-4.0.0.tgz",
      "integrity": "sha512-RdJUflcE3cUzKiMqQgsCu06FPu9UdIJO0beYbPhHN4k6apgJtifcoCtT9bcxOpYBtpD2kCM6Sbzg4CausW/PKQ=="
    },
    "keymirror": {
      "version": "0.1.1",
      "resolved": "https://registry.npmjs.org/keymirror/-/keymirror-0.1.1.tgz",
      "integrity": "sha1-kYiJ6hP40KQufFVyUO7nE63JXDU="
    },
    "loose-envify": {
      "version": "1.4.0",
      "resolved": "https://registry.npmjs.org/loose-envify/-/loose-envify-1.4.0.tgz",
      "integrity": "sha512-lyuxPGr/Wfhrlem2CL/UcnUc1zcqKAImBDzukY7Y5F/yQiNdko6+fRLevlw1HgMySw7f611UIY408EtxRSoK3Q==",
      "requires": {
        "js-tokens": "^3.0.0 || ^4.0.0"
      }
    },
    "moment": {
      "version": "2.24.0",
      "resolved": "https://registry.npmjs.org/moment/-/moment-2.24.0.tgz",
      "integrity": "sha512-bV7f+6l2QigeBBZSM/6yTNq4P2fNpSWj/0e7jQcy87A8e7o2nAfP/34/2ky5Vw4B9S446EtIhodAzkFCcR4dQg=="
    },
    "object-assign": {
      "version": "4.1.1",
      "resolved": "https://registry.npmjs.org/object-assign/-/object-assign-4.1.1.tgz",
      "integrity": "sha1-IQmtx5ZYh8/AXLvUQsrIv7s2CGM="
    },
    "prop-types": {
      "version": "15.7.2",
      "resolved": "https://registry.npmjs.org/prop-types/-/prop-types-15.7.2.tgz",
      "integrity": "sha512-8QQikdH7//R2vurIJSutZ1smHYTcLpRWEOlHnzcWHmBYrOGUysKwSsrC89BCiFj3CbrfJ/nXFdJepOVrY1GCHQ==",
      "requires": {
        "loose-envify": "^1.4.0",
        "object-assign": "^4.1.1",
        "react-is": "^16.8.1"
      }
    },
    "react-is": {
      "version": "16.8.2",
      "resolved": "https://registry.npmjs.org/react-is/-/react-is-16.8.2.tgz",
      "integrity": "sha512-D+NxhSR2HUCjYky1q1DwpNUD44cDpUXzSmmFyC3ug1bClcU/iDNy0YNn1iwme28fn+NFhpA13IndOd42CrFb+Q=="
    },
    "react-native-communications": {
      "version": "2.2.1",
      "resolved": "https://registry.npmjs.org/react-native-communications/-/react-native-communications-2.2.1.tgz",
      "integrity": "sha1-eIO1ayCgAu63kMET+GFuqGksp5U="
    },
    "react-native-gifted-chat": {
      "version": "0.7.2",
      "resolved": "https://registry.npmjs.org/react-native-gifted-chat/-/react-native-gifted-chat-0.7.2.tgz",
      "integrity": "sha512-KIyltR+xasYg+TDr893CGimg5uA96Y4hHhuPA7MEXm4dDIEQEgRpTx7/pyMSAE5STouOpwvfaEumziuA/sHfdw==",
      "requires": {
        "@expo/react-native-action-sheet": "^2.0.1",
        "moment": "^2.19.0",
        "react-native-communications": "2.2.1",
        "react-native-lightbox": "^0.7.0",
        "react-native-parsed-text": "^0.0.20",
        "react-native-video": "^3.2.1",
        "uuid": "3.3.0"
      }
    },
    "react-native-lightbox": {
      "version": "0.7.0",
      "resolved": "https://registry.npmjs.org/react-native-lightbox/-/react-native-lightbox-0.7.0.tgz",
      "integrity": "sha512-HS3T4WlCd0Gb3us2d6Jse5m6KjNhngnKm35Wapq30WtQa9s+/VMmtuktbGPGaWtswcDyOj6qByeJBw9W80iPCA==",
      "requires": {
        "prop-types": "^15.5.10"
      }
    },
    "react-native-parsed-text": {
      "version": "0.0.20",
      "resolved": "https://registry.npmjs.org/react-native-parsed-text/-/react-native-parsed-text-0.0.20.tgz",
      "integrity": "sha512-n77hYu64Tr3oclzIXBXXaiLh1WbMKdA2Y0x6bX/yqwxAM4afcObENY5VrNB+EsTBJBEDqrypA9D1p2cLEIHkuQ==",
      "requires": {
        "babel-plugin-check-es2015-constants": "6.22.0",
        "prop-types": "^15.5.10"
      }
    },
    "react-native-video": {
      "version": "3.2.1",
      "resolved": "https://registry.npmjs.org/react-native-video/-/react-native-video-3.2.1.tgz",
      "integrity": "sha512-Xansfoo/to80FwhM1HKlf7pCxDZ5RtV+kG3piCVvsNAhPY4GGwiOGUH9y3Y+mFQIDEWcY8I9j16lsFYAbnue3g==",
      "requires": {
        "keymirror": "0.1.1",
        "prop-types": "^15.5.10"
      }
    },
    "regenerator-runtime": {
      "version": "0.11.1",
      "resolved": "https://registry.npmjs.org/regenerator-runtime/-/regenerator-runtime-0.11.1.tgz",
      "integrity": "sha512-MguG95oij0fC3QV3URf4V2SDYGJhJnJGqvIIgdECeODCT98wSWDAJ94SSuVpYQUoTcGUIL6L4yNB7j1DFFHSBg=="
    },
    "uuid": {
      "version": "3.3.0",
      "resolved": "https://registry.npmjs.org/uuid/-/uuid-3.3.0.tgz",
      "integrity": "sha512-ijO9N2xY/YaOqQ5yz5c4sy2ZjWmA6AR6zASb/gdpeKZ8+948CxwfMW9RrKVk5may6ev8c0/Xguu32e2Llelpqw=="
    }
  }
}
